{
  "nodes": {
    "burenix": {
      "inputs": {
        "nixpkgs": "nixpkgs",
        "test-vm": "test-vm"
      },
      "locked": {
        "lastModified": 1778211057,
        "narHash": "sha256-+4bV3zmP8A8zN8SORzn5FYizqEO1x58eUAQApNNkJC8=",
        "ref": "refs/heads/main",
        "rev": "20750754a45dd3c12e5aa20891e407bd47a069c3",
        "revCount": 24,
        "type": "git",
        "url": "https://forgejo.immerhouse.com/jimurrito/burenix"
      },
      "original": {
        "type": "git",
        "url": "https://forgejo.immerhouse.com/jimurrito/burenix"
      }
    },
    "nixpkgs": {
      "locked": {
        "lastModified": 1778003029,
        "narHash": "sha256-q/nkKLDtHIyLjZpKhWk3cSK5IYsFqtMd6UtXF3ddjgA=",
        "owner": "NixOS",
        "repo": "nixpkgs",
        "rev": "0c88e1f2bdb93d5999019e99cb0e61e1fe2af4c5",
        "type": "github"
      },
      "original": {
        "owner": "NixOS",
        "ref": "nixos-25.11",
        "repo": "nixpkgs",
        "type": "github"
      }
    },
    "nixpkgs_2": {
      "locked": {
        "lastModified": 1778003029,
        "narHash": "sha256-q/nkKLDtHIyLjZpKhWk3cSK5IYsFqtMd6UtXF3ddjgA=",
        "owner": "NixOS",
        "repo": "nixpkgs",
        "rev": "0c88e1f2bdb93d5999019e99cb0e61e1fe2af4c5",
        "type": "github"
      },
      "original": {
        "owner": "NixOS",
        "ref": "nixos-25.11",
        "repo": "nixpkgs",
        "type": "github"
      }
    },
    "nixpkgs_3": {
      "locked": {
        "lastModified": 1783389287,
        "narHash": "sha256-0xIy4dVLqq47rA+mRy0hXDfjhQd4E5PoIns/RmB7nR4=",
        "owner": "NixOS",
        "repo": "nixpkgs",
        "rev": "0ad6f47ea4fe188f4bc8f0380f93ae8523337c6c",
        "type": "github"
      },
      "original": {
        "owner": "NixOS",
        "ref": "nixos-26.05",
        "repo": "nixpkgs",
        "type": "github"
      }
    },
    "root": {
      "inputs": {
        "burenix": "burenix",
        "nixpkgs": "nixpkgs_3",
        "test-vm": "test-vm_2"
      }
    },
    "test-vm": {
      "inputs": {
        "nixpkgs": "nixpkgs_2"
      },
      "locked": {
        "lastModified": 1778109356,
        "narHash": "sha256-J9QzDzjbF2WPjrX3CWX99EB8uUO9nK1uPT5VPP+NLx8=",
        "owner": "jimurrito",
        "repo": "nixos-test-vm",
        "rev": "8b8a0870f059624601f1e4a9becf10025ceb77dc",
        "type": "github"
      },
      "original": {
        "owner": "jimurrito",
        "repo": "nixos-test-vm",
        "type": "github"
      }
    },
    "test-vm_2": {
      "inputs": {
        "nixpkgs": [
          "nixpkgs"
        ]
      },
      "locked": {
        "lastModified": 1783544217,
        "narHash": "sha256-W0JTMf4HpaKiWdQgVCbKGeT+CLC+BWHB+hlU9vjJDvQ=",
        "owner": "jimurrito",
        "repo": "nixos-test-vm",
        "rev": "a2e71cffdb474cc4f3942f0c365212ddd387401a",
        "type": "github"
      },
      "original": {
        "owner": "jimurrito",
        "repo": "nixos-test-vm",
        "type": "github"
      }
    }
  },
  "root": "root",
  "version": 7
}
