{
  "nodes": {
    "burenix": {
      "inputs": {
        "nixpkgs": "nixpkgs",
        "test-vm": "test-vm"
      },
      "locked": {
        "lastModified": 1784172650,
        "narHash": "sha256-WdlZlz02Io3D/D+J3Aup+QzkEhQKO7StjUZUfXk3pPE=",
        "ref": "refs/heads/main",
        "rev": "3667e35f69535d9737f215abe60e9a08aa56aceb",
        "revCount": 35,
        "type": "git",
        "url": "https://forgejo.immerhouse.com/jimurrito/burenix"
      },
      "original": {
        "type": "git",
        "url": "https://forgejo.immerhouse.com/jimurrito/burenix"
      }
    },
    "nixpkgs": {
      "locked": {
        "lastModified": 1783703440,
        "narHash": "sha256-O3/YajjWo001VUIgD8BwaRdSNLUFe7nZ1qV5TwhRBcw=",
        "owner": "NixOS",
        "repo": "nixpkgs",
        "rev": "8f0500b9660505dc3cb647775fe9a978a74b5283",
        "type": "github"
      },
      "original": {
        "owner": "NixOS",
        "ref": "nixos-26.05",
        "repo": "nixpkgs",
        "type": "github"
      }
    },
    "nixpkgs_2": {
      "locked": {
        "lastModified": 1783389287,
        "narHash": "sha256-0xIy4dVLqq47rA+mRy0hXDfjhQd4E5PoIns/RmB7nR4=",
        "owner": "NixOS",
        "repo": "nixpkgs",
        "rev": "0ad6f47ea4fe188f4bc8f0380f93ae8523337c6c",
        "type": "github"
      },
      "original": {
        "owner": "NixOS",
        "ref": "nixos-26.05",
        "repo": "nixpkgs",
        "type": "github"
      }
    },
    "root": {
      "inputs": {
        "burenix": "burenix",
        "nixpkgs": "nixpkgs_2",
        "test-vm": "test-vm_2"
      }
    },
    "test-vm": {
      "inputs": {
        "nixpkgs": [
          "burenix",
          "nixpkgs"
        ]
      },
      "locked": {
        "lastModified": 1783544217,
        "narHash": "sha256-W0JTMf4HpaKiWdQgVCbKGeT+CLC+BWHB+hlU9vjJDvQ=",
        "owner": "jimurrito",
        "repo": "nixos-test-vm",
        "rev": "a2e71cffdb474cc4f3942f0c365212ddd387401a",
        "type": "github"
      },
      "original": {
        "owner": "jimurrito",
        "repo": "nixos-test-vm",
        "type": "github"
      }
    },
    "test-vm_2": {
      "inputs": {
        "nixpkgs": [
          "nixpkgs"
        ]
      },
      "locked": {
        "lastModified": 1783544217,
        "narHash": "sha256-W0JTMf4HpaKiWdQgVCbKGeT+CLC+BWHB+hlU9vjJDvQ=",
        "owner": "jimurrito",
        "repo": "nixos-test-vm",
        "rev": "a2e71cffdb474cc4f3942f0c365212ddd387401a",
        "type": "github"
      },
      "original": {
        "owner": "jimurrito",
        "repo": "nixos-test-vm",
        "type": "github"
      }
    }
  },
  "root": "root",
  "version": 7
}
